
Microsoft Visual Studio Solution File, Format Version 12.00
# Visual Studio 15
VisualStudioVersion = 15.0.28307.902
MinimumVisualStudioVersion = 10.0.40219.1
Project("{9A19103F-16F7-4668-BE54-9A1E7A4F7556}") = "Web42Shop", "Web42Shop\Web42Shop.csproj", "{D754EB3F-E1FA-41C8-A1DF-ED256F7C0BE7}"
EndProject
Global
	GlobalSection(SolutionConfigurationPlatforms) = preSolution
		Debug|Any CPU = Debug|Any CPU
		Release|Any CPU = Release|Any CPU
	EndGlobalSection
	GlobalSection(ProjectConfigurationPlatforms) = postSolution
		{D754EB3F-E1FA-41C8-A1DF-ED256F7C0BE7}.Debug|Any CPU.ActiveCfg = Debug|Any CPU
		{D754EB3F-E1FA-41C8-A1DF-ED256F7C0BE7}.Debug|Any CPU.Build.0 = Debug|Any CPU
		{D754EB3F-E1FA-41C8-A1DF-ED256F7C0BE7}.Release|Any CPU.ActiveCfg = Release|Any CPU
		{D754EB3F-E1FA-41C8-A1DF-ED256F7C0BE7}.Release|Any CPU.Build.0 = Release|Any CPU
	EndGlobalSection
	GlobalSection(SolutionProperties) = preSolution
		HideSolutionNode = FALSE
	EndGlobalSection
	GlobalSection(ExtensibilityGlobals) = postSolution
		SolutionGuid = {15364940-FBF6-465F-AF10-1B12F8855E71}
	EndGlobalSection
EndGlobal
